{
  "lockfileVersion": 1,
  "configVersion": 1,
  "workspaces": {
    "": {
      "name": "trusted-agent-protocol",
      "dependencies": {
        "@interledger/http-signature-utils": "^2.0.3",
        "@types/node-forge": "^1.3.14",
        "node-forge": "^1.3.3",
      },
      "devDependencies": {
        "@types/bun": "latest",
      },
      "peerDependencies": {
        "typescript": "^5",
      },
    },
  },
  "packages": {
    "@interledger/http-signature-utils": ["@interledger/http-signature-utils@2.0.3", "", { "dependencies": { "http-message-signatures": "^1.0.4", "httpbis-digest-headers": "^1.0.0", "jose": "^4.13.1", "uuid": "^9.0.0" } }, "sha512-/vn6+FxZ3g1A5ZC3vOVivjFns5A6F4lhEmdAGg3W9mD2uADXI575rIBcMdqI3wTOJo7qOXRutPXOG/jXONFs/Q=="],

    "@types/bun": ["@types/bun@1.3.5", "", { "dependencies": { "bun-types": "1.3.5" } }, "sha512-RnygCqNrd3srIPEWBd5LFeUYG7plCoH2Yw9WaZGyNmdTEei+gWaHqydbaIRkIkcbXwhBT94q78QljxN0Sk838w=="],

    "@types/node": ["@types/node@25.0.5", "", { "dependencies": { "undici-types": "~7.16.0" } }, "sha512-FuLxeLuSVOqHPxSN1fkcD8DLU21gAP7nCKqGRJ/FglbCUBs0NYN6TpHcdmyLeh8C0KwGIaZQJSv+OYG+KZz+Gw=="],

    "@types/node-forge": ["@types/node-forge@1.3.14", "", { "dependencies": { "@types/node": "*" } }, "sha512-mhVF2BnD4BO+jtOp7z1CdzaK4mbuK0LLQYAvdOLqHTavxFNq4zA1EmYkpnFjP8HOUzedfQkRnp0E2ulSAYSzAw=="],

    "bun-types": ["bun-types@1.3.5", "", { "dependencies": { "@types/node": "*" } }, "sha512-inmAYe2PFLs0SUbFOWSVD24sg1jFlMPxOjOSSCYqUgn4Hsc3rDc7dFvfVYjFPNHtov6kgUeulV4SxbuIV/stPw=="],

    "http-message-signatures": ["http-message-signatures@1.0.4", "", { "dependencies": { "structured-headers": "^1.0.1" } }, "sha512-gavCQWnxHFg0BVlKs6CmYK7hNSH1o0x0mHTC68yBAHYOYuTVXPv52mEE7QuT5TenfiagTdOa/zPJzen4lEX7Rg=="],

    "httpbis-digest-headers": ["httpbis-digest-headers@1.0.0", "", { "dependencies": { "structured-headers": "^0.5.0" } }, "sha512-RpaFuZD3tG8wtsvjDv1u7O8wAvfpAxS20F3CrFPZOMn+IBb7E7yiqlN5Tks4E5tBEnTdpMOD151rJsUv03sAIg=="],

    "jose": ["jose@4.15.9", "", {}, "sha512-1vUQX+IdDMVPj4k8kOxgUqlcK518yluMuGZwqlr44FS1ppZB/5GWh4rZG89erpOBOJjU/OBsnCVFfapsRz6nEA=="],

    "node-forge": ["node-forge@1.3.3", "", {}, "sha512-rLvcdSyRCyouf6jcOIPe/BgwG/d7hKjzMKOas33/pHEr6gbq18IK9zV7DiPvzsz0oBJPme6qr6H6kGZuI9/DZg=="],

    "structured-headers": ["structured-headers@1.0.1", "", {}, "sha512-QYBxdBtA4Tl5rFPuqmbmdrS9kbtren74RTJTcs0VSQNVV5iRhJD4QlYTLD0+81SBwUQctjEQzjTRI3WG4DzICA=="],

    "typescript": ["typescript@5.9.3", "", { "bin": { "tsc": "bin/tsc", "tsserver": "bin/tsserver" } }, "sha512-jl1vZzPDinLr9eUt3J/t7V6FgNEw9QjvBPdysz9KfQDD41fQrC2Y4vKQdiaUpFT4bXlb1RHhLpp8wtm6M5TgSw=="],

    "undici-types": ["undici-types@7.16.0", "", {}, "sha512-Zz+aZWSj8LE6zoxD+xrjh4VfkIG8Ya6LvYkZqtUQGJPZjYl53ypCaUwWqo7eI0x66KBGeRo+mlBEkMSeSZ38Nw=="],

    "uuid": ["uuid@9.0.1", "", { "bin": { "uuid": "dist/bin/uuid" } }, "sha512-b+1eJOlsR9K8HJpow9Ok3fiWOWSIcIzXodvv0rQjVoOVNpWMpxf1wZNpt4y9h10odCNrqnYp1OBzRktckBe3sA=="],

    "httpbis-digest-headers/structured-headers": ["structured-headers@0.5.0", "", {}, "sha512-oLnmXSsjhud+LxRJpvokwP8ImEB2wTg8sg30buwfVViKMuluTv3BlOJHUX9VW9pJ2nQOxmx87Z0kB86O4cphag=="],
  }
}
